
Microsoft Visual Studio Solution File, Format Version 12.00
# Visual Studio Version 16
VisualStudioVersion = 16.0.30114.105
MinimumVisualStudioVersion = 10.0.40219.1
Project("{FAE04EC0-301F-11D3-BF4B-00C04F79EFBC}") = "ITMOCSCourse2020.WindowsForms1.05", "ITMOCSCourse2020.WindowsForms1.05.csproj", "{A565D707-D7D7-4BA4-85EF-8069CDE34491}"
EndProject
Global
	GlobalSection(SolutionConfigurationPlatforms) = preSolution
		Debug|Any CPU = Debug|Any CPU
		Release|Any CPU = Release|Any CPU
	EndGlobalSection
	GlobalSection(ProjectConfigurationPlatforms) = postSolution
		{A565D707-D7D7-4BA4-85EF-8069CDE34491}.Debug|Any CPU.ActiveCfg = Debug|Any CPU
		{A565D707-D7D7-4BA4-85EF-8069CDE34491}.Debug|Any CPU.Build.0 = Debug|Any CPU
		{A565D707-D7D7-4BA4-85EF-8069CDE34491}.Release|Any CPU.ActiveCfg = Release|Any CPU
		{A565D707-D7D7-4BA4-85EF-8069CDE34491}.Release|Any CPU.Build.0 = Release|Any CPU
	EndGlobalSection
	GlobalSection(SolutionProperties) = preSolution
		HideSolutionNode = FALSE
	EndGlobalSection
	GlobalSection(ExtensibilityGlobals) = postSolution
		SolutionGuid = {A01F93AE-FEB5-4BAD-BE9A-A1EC943B39BF}
	EndGlobalSection
EndGlobal
